{
  "object": {
    "pins": [
      {
        "package": "swift-algorithms",
        "repositoryURL": "https://github.com/apple/swift-algorithms.git",
        "state": {
          "branch": "main",
          "revision": "d872b648f44190ccd51a70c41dff17d04ee7c452",
          "version": null
        }
      },
      {
        "package": "swift-numerics",
        "repositoryURL": "https://github.com/apple/swift-numerics",
        "state": {
          "branch": null,
          "revision": "6b24333510e9044cf4716a07bed65eeed6bc6393",
          "version": "0.0.8"
        }
      },
      {
        "package": "Unwrap",
        "repositoryURL": "https://github.com/neutralradiance/swift-unwrap.git",
        "state": {
          "branch": "main",
          "revision": "ea7106d4b33b8cea409c4693130112ec8db281a0",
          "version": null
        }
      }
    ]
  },
  "version": 1
}
